<?xml version="1.0" encoding="utf-8"?>
<Project ToolsVersion="4.0" xmlns="http://schemas.microsoft.com/developer/msbuild/2003">
  <ItemGroup>
    <Filter Include="ImaginaryEngine">
      <UniqueIdentifier>{9CFF0CFB-088B-7ABF-119C-FDB37DA6D6BF}</UniqueIdentifier>
    </Filter>
    <Filter Include="ImaginaryEngine\Events">
      <UniqueIdentifier>{00842BEC-EC7D-543E-D5EA-EA4EC183BAAA}</UniqueIdentifier>
    </Filter>
  </ItemGroup>
  <ItemGroup>
    <ClInclude Include="src\ImaginaryEngine.h" />
    <ClInclude Include="src\ImaginaryEngine\Application.h">
      <Filter>ImaginaryEngine</Filter>
    </ClInclude>
    <ClInclude Include="src\ImaginaryEngine\Core.h">
      <Filter>ImaginaryEngine</Filter>
    </ClInclude>
    <ClInclude Include="src\ImaginaryEngine\EntryPoint.h">
      <Filter>ImaginaryEngine</Filter>
    </ClInclude>
    <ClInclude Include="src\ImaginaryEngine\Events\ApplicationEvent.h">
      <Filter>ImaginaryEngine\Events</Filter>
    </ClInclude>
    <ClInclude Include="src\ImaginaryEngine\Events\Event.h">
      <Filter>ImaginaryEngine\Events</Filter>
    </ClInclude>
    <ClInclude Include="src\ImaginaryEngine\Events\KeyBoardEvent.h">
      <Filter>ImaginaryEngine\Events</Filter>
    </ClInclude>
    <ClInclude Include="src\ImaginaryEngine\Events\MouseEvent.h">
      <Filter>ImaginaryEngine\Events</Filter>
    </ClInclude>
    <ClInclude Include="src\ImaginaryEngine\Log.h">
      <Filter>ImaginaryEngine</Filter>
    </ClInclude>
  </ItemGroup>
  <ItemGroup>
    <ClCompile Include="src\ImaginaryEngine\Application.cpp">
      <Filter>ImaginaryEngine</Filter>
    </ClCompile>
    <ClCompile Include="src\ImaginaryEngine\Log.cpp">
      <Filter>ImaginaryEngine</Filter>
    </ClCompile>
  </ItemGroup>
</Project>